// !$*UTF8*$!
{
	archiveVersion = 1;
	classes = {
	};
	objectVersion = 46;
	objects = {

/* Begin PBXBuildFile section */
		7169035717B264EC00F2F951 /* Foundation.framework in Frameworks */ = {isa = PBXBuildFile; fileRef = 7169035617B264EC00F2F951 /* Foundation.framework */; };
		7169035A17B264EC00F2F951 /* main.m in Sources */ = {isa = PBXBuildFile; fileRef = 7169035917B264EC00F2F951 /* main.m */; };
		7169035E17B264EC00F2F951 /* CocoaTemplateEngineDemo.1 in CopyFiles */ = {isa = PBXBuildFile; fileRef = 7169035D17B264EC00F2F951 /* CocoaTemplateEngineDemo.1 */; };
		7169036517B2658300F2F951 /* CCTemplate.m in Sources */ = {isa = PBXBuildFile; fileRef = 7169036417B2658300F2F951 /* CCTemplate.m */; };
/* End PBXBuildFile section */

/* Begin PBXCopyFilesBuildPhase section */
		7169035117B264EC00F2F951 /* CopyFiles */ = {
			isa = PBXCopyFilesBuildPhase;
			buildActionMask = 2147483647;
			dstPath = /usr/share/man/man1/;
			dstSubfolderSpec = 0;
			files = (
				7169035E17B264EC00F2F951 /* CocoaTemplateEngineDemo.1 in CopyFiles */,
			);
			runOnlyForDeploymentPostprocessing = 1;
		};
/* End PBXCopyFilesBuildPhase section */

/* Begin PBXFileReference section */
		7169035317B264EC00F2F951 /* CocoaTemplateEngineDemo */ = {isa = PBXFileReference; explicitFileType = "compiled.mach-o.executable"; includeInIndex = 0; path = CocoaTemplateEngineDemo; sourceTree = BUILT_PRODUCTS_DIR; };
		7169035617B264EC00F2F951 /* Foundation.framework */ = {isa = PBXFileReference; lastKnownFileType = wrapper.framework; name = Foundation.framework; path = System/Library/Frameworks/Foundation.framework; sourceTree = SDKROOT; };
		7169035917B264EC00F2F951 /* main.m */ = {isa = PBXFileReference; lastKnownFileType = sourcecode.c.objc; path = main.m; sourceTree = "<group>"; };
		7169035C17B264EC00F2F951 /* CocoaTemplateEngineDemo-Prefix.pch */ = {isa = PBXFileReference; lastKnownFileType = sourcecode.c.h; path = "CocoaTemplateEngineDemo-Prefix.pch"; sourceTree = "<group>"; };
		7169035D17B264EC00F2F951 /* CocoaTemplateEngineDemo.1 */ = {isa = PBXFileReference; lastKnownFileType = text.man; path = CocoaTemplateEngineDemo.1; sourceTree = "<group>"; };
		7169036317B2658300F2F951 /* CCTemplate.h */ = {isa = PBXFileReference; fileEncoding = 4; lastKnownFileType = sourcecode.c.h; path = CCTemplate.h; sourceTree = "<group>"; };
		7169036417B2658300F2F951 /* CCTemplate.m */ = {isa = PBXFileReference; fileEncoding = 4; lastKnownFileType = sourcecode.c.objc; path = CCTemplate.m; sourceTree = "<group>"; };
/* End PBXFileReference section */

/* Begin PBXFrameworksBuildPhase section */
		7169035017B264EC00F2F951 /* Frameworks */ = {
			isa = PBXFrameworksBuildPhase;
			buildActionMask = 2147483647;
			files = (
				7169035717B264EC00F2F951 /* Foundation.framework in Frameworks */,
			);
			runOnlyForDeploymentPostprocessing = 0;
		};
/* End PBXFrameworksBuildPhase section */

/* Begin PBXGroup section */
		7169034817B264B600F2F951 = {
			isa = PBXGroup;
			children = (
				7169036217B2650A00F2F951 /* CocoaTemplateEngine */,
				7169035817B264EC00F2F951 /* CocoaTemplateEngineDemo */,
				7169035517B264EC00F2F951 /* Frameworks */,
				7169035417B264EC00F2F951 /* Products */,
			);
			sourceTree = "<group>";
		};
		7169035417B264EC00F2F951 /* Products */ = {
			isa = PBXGroup;
			children = (
				7169035317B264EC00F2F951 /* CocoaTemplateEngineDemo */,
			);
			name = Products;
			sourceTree = "<group>";
		};
		7169035517B264EC00F2F951 /* Frameworks */ = {
			isa = PBXGroup;
			children = (
				7169035617B264EC00F2F951 /* Foundation.framework */,
			);
			name = Frameworks;
			sourceTree = "<group>";
		};
		7169035817B264EC00F2F951 /* CocoaTemplateEngineDemo */ = {
			isa = PBXGroup;
			children = (
				7169035917B264EC00F2F951 /* main.m */,
				7169035D17B264EC00F2F951 /* CocoaTemplateEngineDemo.1 */,
				7169035B17B264EC00F2F951 /* Supporting Files */,
			);
			path = CocoaTemplateEngineDemo;
			sourceTree = "<group>";
		};
		7169035B17B264EC00F2F951 /* Supporting Files */ = {
			isa = PBXGroup;
			children = (
				7169035C17B264EC00F2F951 /* CocoaTemplateEngineDemo-Prefix.pch */,
			);
			name = "Supporting Files";
			sourceTree = "<group>";
		};
		7169036217B2650A00F2F951 /* CocoaTemplateEngine */ = {
			isa = PBXGroup;
			children = (
				7169036317B2658300F2F951 /* CCTemplate.h */,
				7169036417B2658300F2F951 /* CCTemplate.m */,
			);
			path = CocoaTemplateEngine;
			sourceTree = "<group>";
		};
/* End PBXGroup section */

/* Begin PBXNativeTarget section */
		7169035217B264EC00F2F951 /* CocoaTemplateEngineDemo */ = {
			isa = PBXNativeTarget;
			buildConfigurationList = 7169035F17B264EC00F2F951 /* Build configuration list for PBXNativeTarget "CocoaTemplateEngineDemo" */;
			buildPhases = (
				7169034F17B264EC00F2F951 /* Sources */,
				7169035017B264EC00F2F951 /* Frameworks */,
				7169035117B264EC00F2F951 /* CopyFiles */,
			);
			buildRules = (
			);
			dependencies = (
			);
			name = CocoaTemplateEngineDemo;
			productName = CocoaTemplateEngineDemo;
			productReference = 7169035317B264EC00F2F951 /* CocoaTemplateEngineDemo */;
			productType = "com.apple.product-type.tool";
		};
/* End PBXNativeTarget section */

/* Begin PBXProject section */
		7169034917B264B600F2F951 /* Project object */ = {
			isa = PBXProject;
			attributes = {
				LastUpgradeCheck = 0500;
			};
			buildConfigurationList = 7169034C17B264B600F2F951 /* Build configuration list for PBXProject "CocoaTemplateEngine" */;
			compatibilityVersion = "Xcode 3.2";
			developmentRegion = English;
			hasScannedForEncodings = 0;
			knownRegions = (
				en,
			);
			mainGroup = 7169034817B264B600F2F951;
			productRefGroup = 7169035417B264EC00F2F951 /* Products */;
			projectDirPath = "";
			projectRoot = "";
			targets = (
				7169035217B264EC00F2F951 /* CocoaTemplateEngineDemo */,
			);
		};
/* End PBXProject section */

/* Begin PBXSourcesBuildPhase section */
		7169034F17B264EC00F2F951 /* Sources */ = {
			isa = PBXSourcesBuildPhase;
			buildActionMask = 2147483647;
			files = (
				7169035A17B264EC00F2F951 /* main.m in Sources */,
				7169036517B2658300F2F951 /* CCTemplate.m in Sources */,
			);
			runOnlyForDeploymentPostprocessing = 0;
		};
/* End PBXSourcesBuildPhase section */

/* Begin XCBuildConfiguration section */
		7169034D17B264B600F2F951 /* Debug */ = {
			isa = XCBuildConfiguration;
			buildSettings = {
			};
			name = Debug;
		};
		7169034E17B264B600F2F951 /* Release */ = {
			isa = XCBuildConfiguration;
			buildSettings = {
			};
			name = Release;
		};
		7169036017B264EC00F2F951 /* Debug */ = {
			isa = XCBuildConfiguration;
			buildSettings = {
				ALWAYS_SEARCH_USER_PATHS = NO;
				CLANG_CXX_LANGUAGE_STANDARD = "gnu++0x";
				CLANG_CXX_LIBRARY = "libc++";
				CLANG_ENABLE_MODULES = YES;
				CLANG_ENABLE_OBJC_ARC = YES;
				CLANG_WARN_BOOL_CONVERSION = YES;
				CLANG_WARN_CONSTANT_CONVERSION = YES;
				CLANG_WARN_DIRECT_OBJC_ISA_USAGE = YES_ERROR;
				CLANG_WARN_EMPTY_BODY = YES;
				CLANG_WARN_ENUM_CONVERSION = YES;
				CLANG_WARN_INT_CONVERSION = YES;
				CLANG_WARN_OBJC_ROOT_CLASS = YES_ERROR;
				CLANG_WARN__DUPLICATE_METHOD_MATCH = YES;
				COPY_PHASE_STRIP = NO;
				GCC_C_LANGUAGE_STANDARD = gnu99;
				GCC_DYNAMIC_NO_PIC = NO;
				GCC_ENABLE_OBJC_EXCEPTIONS = YES;
				GCC_OPTIMIZATION_LEVEL = 0;
				GCC_PRECOMPILE_PREFIX_HEADER = YES;
				GCC_PREFIX_HEADER = "CocoaTemplateEngineDemo/CocoaTemplateEngineDemo-Prefix.pch";
				GCC_PREPROCESSOR_DEFINITIONS = (
					"DEBUG=1",
					"$(inherited)",
				);
				GCC_SYMBOLS_PRIVATE_EXTERN = NO;
				GCC_WARN_64_TO_32_BIT_CONVERSION = YES;
				GCC_WARN_ABOUT_RETURN_TYPE = YES_ERROR;
				GCC_WARN_UNDECLARED_SELECTOR = YES;
				GCC_WARN_UNINITIALIZED_AUTOS = YES;
				GCC_WARN_UNUSED_FUNCTION = YES;
				GCC_WARN_UNUSED_VARIABLE = YES;
				MACOSX_DEPLOYMENT_TARGET = 10.8;
				ONLY_ACTIVE_ARCH = YES;
				PRODUCT_NAME = "$(TARGET_NAME)";
				SDKROOT = macosx;
			};
			name = Debug;
		};
		7169036117B264EC00F2F951 /* Release */ = {
			isa = XCBuildConfiguration;
			buildSettings = {
				ALWAYS_SEARCH_USER_PATHS = NO;
				CLANG_CXX_LANGUAGE_STANDARD = "gnu++0x";
				CLANG_CXX_LIBRARY = "libc++";
				CLANG_ENABLE_MODULES = YES;
				CLANG_ENABLE_OBJC_ARC = YES;
				CLANG_WARN_BOOL_CONVERSION = YES;
				CLANG_WARN_CONSTANT_CONVERSION = YES;
				CLANG_WARN_DIRECT_OBJC_ISA_USAGE = YES_ERROR;
				CLANG_WARN_EMPTY_BODY = YES;
				CLANG_WARN_ENUM_CONVERSION = YES;
				CLANG_WARN_INT_CONVERSION = YES;
				CLANG_WARN_OBJC_ROOT_CLASS = YES_ERROR;
				CLANG_WARN__DUPLICATE_METHOD_MATCH = YES;
				COPY_PHASE_STRIP = YES;
				DEBUG_INFORMATION_FORMAT = "dwarf-with-dsym";
				ENABLE_NS_ASSERTIONS = NO;
				GCC_C_LANGUAGE_STANDARD = gnu99;
				GCC_ENABLE_OBJC_EXCEPTIONS = YES;
				GCC_PRECOMPILE_PREFIX_HEADER = YES;
				GCC_PREFIX_HEADER = "CocoaTemplateEngineDemo/CocoaTemplateEngineDemo-Prefix.pch";
				GCC_WARN_64_TO_32_BIT_CONVERSION = YES;
				GCC_WARN_ABOUT_RETURN_TYPE = YES_ERROR;
				GCC_WARN_UNDECLARED_SELECTOR = YES;
				GCC_WARN_UNINITIALIZED_AUTOS = YES;
				GCC_WARN_UNUSED_FUNCTION = YES;
				GCC_WARN_UNUSED_VARIABLE = YES;
				MACOSX_DEPLOYMENT_TARGET = 10.8;
				PRODUCT_NAME = "$(TARGET_NAME)";
				SDKROOT = macosx;
			};
			name = Release;
		};
/* End XCBuildConfiguration section */

/* Begin XCConfigurationList section */
		7169034C17B264B600F2F951 /* Build configuration list for PBXProject "CocoaTemplateEngine" */ = {
			isa = XCConfigurationList;
			buildConfigurations = (
				7169034D17B264B600F2F951 /* Debug */,
				7169034E17B264B600F2F951 /* Release */,
			);
			defaultConfigurationIsVisible = 0;
			defaultConfigurationName = Release;
		};
		7169035F17B264EC00F2F951 /* Build configuration list for PBXNativeTarget "CocoaTemplateEngineDemo" */ = {
			isa = XCConfigurationList;
			buildConfigurations = (
				7169036017B264EC00F2F951 /* Debug */,
				7169036117B264EC00F2F951 /* Release */,
			);
			defaultConfigurationIsVisible = 0;
		};
/* End XCConfigurationList section */
	};
	rootObject = 7169034917B264B600F2F951 /* Project object */;
}
